// !$*UTF8*$!
{
	archiveVersion = 1;
	classes = {
	};
	objectVersion = 46;
	objects = {

/* Begin PBXBuildFile section */
		39CF7FAC1A849EEF0027DB7F /* main.m in Sources */ = {isa = PBXBuildFile; fileRef = 39CF7FAB1A849EEF0027DB7F /* main.m */; };
		39CF7FAF1A849EF00027DB7F /* AppDelegate.m in Sources */ = {isa = PBXBuildFile; fileRef = 39CF7FAE1A849EF00027DB7F /* AppDelegate.m */; };
		39CF7FB21A849EF00027DB7F /* ViewController.m in Sources */ = {isa = PBXBuildFile; fileRef = 39CF7FB11A849EF00027DB7F /* ViewController.m */; };
		39CF7FB51A849EF00027DB7F /* Main.storyboard in Resources */ = {isa = PBXBuildFile; fileRef = 39CF7FB31A849EF00027DB7F /* Main.storyboard */; };
		39CF7FB71A849EF00027DB7F /* Images.xcassets in Resources */ = {isa = PBXBuildFile; fileRef = 39CF7FB61A849EF00027DB7F /* Images.xcassets */; };
		39CF7FBA1A849EF00027DB7F /* LaunchScreen.xib in Resources */ = {isa = PBXBuildFile; fileRef = 39CF7FB81A849EF00027DB7F /* LaunchScreen.xib */; };
		39CF7FC61A849EF00027DB7F /* ParticleViewTests.m in Sources */ = {isa = PBXBuildFile; fileRef = 39CF7FC51A849EF00027DB7F /* ParticleViewTests.m */; };
		39CF7FD11A849FAB0027DB7F /* UIParticleView.m in Sources */ = {isa = PBXBuildFile; fileRef = 39CF7FD01A849FAB0027DB7F /* UIParticleView.m */; };
		39CF7FD51A84AAFA0027DB7F /* test.plist in Resources */ = {isa = PBXBuildFile; fileRef = 39CF7FD31A84AAFA0027DB7F /* test.plist */; };
		39CF7FD61A84AAFA0027DB7F /* DazFlakeIcon@2x.png in Resources */ = {isa = PBXBuildFile; fileRef = 39CF7FD41A84AAFA0027DB7F /* DazFlakeIcon@2x.png */; };
		39CF7FD81A84ABDA0027DB7F /* DazStarOutline.png in Resources */ = {isa = PBXBuildFile; fileRef = 39CF7FD71A84ABDA0027DB7F /* DazStarOutline.png */; };
		39CF7FDA1A84ACFD0027DB7F /* DazRing.png in Resources */ = {isa = PBXBuildFile; fileRef = 39CF7FD91A84ACFD0027DB7F /* DazRing.png */; };
/* End PBXBuildFile section */

/* Begin PBXContainerItemProxy section */
		39CF7FC01A849EF00027DB7F /* PBXContainerItemProxy */ = {
			isa = PBXContainerItemProxy;
			containerPortal = 39CF7F9E1A849EEF0027DB7F /* Project object */;
			proxyType = 1;
			remoteGlobalIDString = 39CF7FA51A849EEF0027DB7F;
			remoteInfo = ParticleView;
		};
/* End PBXContainerItemProxy section */

/* Begin PBXFileReference section */
		39CF7FA61A849EEF0027DB7F /* ParticleView.app */ = {isa = PBXFileReference; explicitFileType = wrapper.application; includeInIndex = 0; path = ParticleView.app; sourceTree = BUILT_PRODUCTS_DIR; };
		39CF7FAA1A849EEF0027DB7F /* Info.plist */ = {isa = PBXFileReference; lastKnownFileType = text.plist.xml; path = Info.plist; sourceTree = "<group>"; };
		39CF7FAB1A849EEF0027DB7F /* main.m */ = {isa = PBXFileReference; lastKnownFileType = sourcecode.c.objc; path = main.m; sourceTree = "<group>"; };
		39CF7FAD1A849EF00027DB7F /* AppDelegate.h */ = {isa = PBXFileReference; lastKnownFileType = sourcecode.c.h; path = AppDelegate.h; sourceTree = "<group>"; };
		39CF7FAE1A849EF00027DB7F /* AppDelegate.m */ = {isa = PBXFileReference; lastKnownFileType = sourcecode.c.objc; path = AppDelegate.m; sourceTree = "<group>"; };
		39CF7FB01A849EF00027DB7F /* ViewController.h */ = {isa = PBXFileReference; lastKnownFileType = sourcecode.c.h; path = ViewController.h; sourceTree = "<group>"; };
		39CF7FB11A849EF00027DB7F /* ViewController.m */ = {isa = PBXFileReference; lastKnownFileType = sourcecode.c.objc; path = ViewController.m; sourceTree = "<group>"; };
		39CF7FB41A849EF00027DB7F /* Base */ = {isa = PBXFileReference; lastKnownFileType = file.storyboard; name = Base; path = Base.lproj/Main.storyboard; sourceTree = "<group>"; };
		39CF7FB61A849EF00027DB7F /* Images.xcassets */ = {isa = PBXFileReference; lastKnownFileType = folder.assetcatalog; path = Images.xcassets; sourceTree = "<group>"; };
		39CF7FB91A849EF00027DB7F /* Base */ = {isa = PBXFileReference; lastKnownFileType = file.xib; name = Base; path = Base.lproj/LaunchScreen.xib; sourceTree = "<group>"; };
		39CF7FBF1A849EF00027DB7F /* ParticleViewTests.xctest */ = {isa = PBXFileReference; explicitFileType = wrapper.cfbundle; includeInIndex = 0; path = ParticleViewTests.xctest; sourceTree = BUILT_PRODUCTS_DIR; };
		39CF7FC41A849EF00027DB7F /* Info.plist */ = {isa = PBXFileReference; lastKnownFileType = text.plist.xml; path = Info.plist; sourceTree = "<group>"; };
		39CF7FC51A849EF00027DB7F /* ParticleViewTests.m */ = {isa = PBXFileReference; lastKnownFileType = sourcecode.c.objc; path = ParticleViewTests.m; sourceTree = "<group>"; };
		39CF7FCF1A849FAB0027DB7F /* UIParticleView.h */ = {isa = PBXFileReference; fileEncoding = 4; lastKnownFileType = sourcecode.c.h; path = UIParticleView.h; sourceTree = "<group>"; };
		39CF7FD01A849FAB0027DB7F /* UIParticleView.m */ = {isa = PBXFileReference; fileEncoding = 4; lastKnownFileType = sourcecode.c.objc; path = UIParticleView.m; sourceTree = "<group>"; };
		39CF7FD21A84A04D0027DB7F /* UIParticleCommon.h */ = {isa = PBXFileReference; lastKnownFileType = sourcecode.c.h; path = UIParticleCommon.h; sourceTree = "<group>"; };
		39CF7FD31A84AAFA0027DB7F /* test.plist */ = {isa = PBXFileReference; fileEncoding = 4; lastKnownFileType = text.plist.xml; path = test.plist; sourceTree = "<group>"; };
		39CF7FD41A84AAFA0027DB7F /* DazFlakeIcon@2x.png */ = {isa = PBXFileReference; lastKnownFileType = image.png; path = "DazFlakeIcon@2x.png"; sourceTree = "<group>"; };
		39CF7FD71A84ABDA0027DB7F /* DazStarOutline.png */ = {isa = PBXFileReference; lastKnownFileType = image.png; path = DazStarOutline.png; sourceTree = "<group>"; };
		39CF7FD91A84ACFD0027DB7F /* DazRing.png */ = {isa = PBXFileReference; lastKnownFileType = image.png; path = DazRing.png; sourceTree = "<group>"; };
/* End PBXFileReference section */

/* Begin PBXFrameworksBuildPhase section */
		39CF7FA31A849EEF0027DB7F /* Frameworks */ = {
			isa = PBXFrameworksBuildPhase;
			buildActionMask = 2147483647;
			files = (
			);
			runOnlyForDeploymentPostprocessing = 0;
		};
		39CF7FBC1A849EF00027DB7F /* Frameworks */ = {
			isa = PBXFrameworksBuildPhase;
			buildActionMask = 2147483647;
			files = (
			);
			runOnlyForDeploymentPostprocessing = 0;
		};
/* End PBXFrameworksBuildPhase section */

/* Begin PBXGroup section */
		39CF7F9D1A849EEF0027DB7F = {
			isa = PBXGroup;
			children = (
				39CF7FA81A849EEF0027DB7F /* ParticleView */,
				39CF7FC21A849EF00027DB7F /* ParticleViewTests */,
				39CF7FA71A849EEF0027DB7F /* Products */,
			);
			sourceTree = "<group>";
		};
		39CF7FA71A849EEF0027DB7F /* Products */ = {
			isa = PBXGroup;
			children = (
				39CF7FA61A849EEF0027DB7F /* ParticleView.app */,
				39CF7FBF1A849EF00027DB7F /* ParticleViewTests.xctest */,
			);
			name = Products;
			sourceTree = "<group>";
		};
		39CF7FA81A849EEF0027DB7F /* ParticleView */ = {
			isa = PBXGroup;
			children = (
				39CF7FAD1A849EF00027DB7F /* AppDelegate.h */,
				39CF7FAE1A849EF00027DB7F /* AppDelegate.m */,
				39CF7FD21A84A04D0027DB7F /* UIParticleCommon.h */,
				39CF7FCF1A849FAB0027DB7F /* UIParticleView.h */,
				39CF7FD01A849FAB0027DB7F /* UIParticleView.m */,
				39CF7FD91A84ACFD0027DB7F /* DazRing.png */,
				39CF7FD71A84ABDA0027DB7F /* DazStarOutline.png */,
				39CF7FD31A84AAFA0027DB7F /* test.plist */,
				39CF7FD41A84AAFA0027DB7F /* DazFlakeIcon@2x.png */,
				39CF7FB01A849EF00027DB7F /* ViewController.h */,
				39CF7FB11A849EF00027DB7F /* ViewController.m */,
				39CF7FB31A849EF00027DB7F /* Main.storyboard */,
				39CF7FB61A849EF00027DB7F /* Images.xcassets */,
				39CF7FB81A849EF00027DB7F /* LaunchScreen.xib */,
				39CF7FA91A849EEF0027DB7F /* Supporting Files */,
			);
			path = ParticleView;
			sourceTree = "<group>";
		};
		39CF7FA91A849EEF0027DB7F /* Supporting Files */ = {
			isa = PBXGroup;
			children = (
				39CF7FAA1A849EEF0027DB7F /* Info.plist */,
				39CF7FAB1A849EEF0027DB7F /* main.m */,
			);
			name = "Supporting Files";
			sourceTree = "<group>";
		};
		39CF7FC21A849EF00027DB7F /* ParticleViewTests */ = {
			isa = PBXGroup;
			children = (
				39CF7FC51A849EF00027DB7F /* ParticleViewTests.m */,
				39CF7FC31A849EF00027DB7F /* Supporting Files */,
			);
			path = ParticleViewTests;
			sourceTree = "<group>";
		};
		39CF7FC31A849EF00027DB7F /* Supporting Files */ = {
			isa = PBXGroup;
			children = (
				39CF7FC41A849EF00027DB7F /* Info.plist */,
			);
			name = "Supporting Files";
			sourceTree = "<group>";
		};
/* End PBXGroup section */

/* Begin PBXNativeTarget section */
		39CF7FA51A849EEF0027DB7F /* ParticleView */ = {
			isa = PBXNativeTarget;
			buildConfigurationList = 39CF7FC91A849EF00027DB7F /* Build configuration list for PBXNativeTarget "ParticleView" */;
			buildPhases = (
				39CF7FA21A849EEF0027DB7F /* Sources */,
				39CF7FA31A849EEF0027DB7F /* Frameworks */,
				39CF7FA41A849EEF0027DB7F /* Resources */,
			);
			buildRules = (
			);
			dependencies = (
			);
			name = ParticleView;
			productName = ParticleView;
			productReference = 39CF7FA61A849EEF0027DB7F /* ParticleView.app */;
			productType = "com.apple.product-type.application";
		};
		39CF7FBE1A849EF00027DB7F /* ParticleViewTests */ = {
			isa = PBXNativeTarget;
			buildConfigurationList = 39CF7FCC1A849EF00027DB7F /* Build configuration list for PBXNativeTarget "ParticleViewTests" */;
			buildPhases = (
				39CF7FBB1A849EF00027DB7F /* Sources */,
				39CF7FBC1A849EF00027DB7F /* Frameworks */,
				39CF7FBD1A849EF00027DB7F /* Resources */,
			);
			buildRules = (
			);
			dependencies = (
				39CF7FC11A849EF00027DB7F /* PBXTargetDependency */,
			);
			name = ParticleViewTests;
			productName = ParticleViewTests;
			productReference = 39CF7FBF1A849EF00027DB7F /* ParticleViewTests.xctest */;
			productType = "com.apple.product-type.bundle.unit-test";
		};
/* End PBXNativeTarget section */

/* Begin PBXProject section */
		39CF7F9E1A849EEF0027DB7F /* Project object */ = {
			isa = PBXProject;
			attributes = {
				LastUpgradeCheck = 0610;
				ORGANIZATIONNAME = mimi;
				TargetAttributes = {
					39CF7FA51A849EEF0027DB7F = {
						CreatedOnToolsVersion = 6.1.1;
					};
					39CF7FBE1A849EF00027DB7F = {
						CreatedOnToolsVersion = 6.1.1;
						TestTargetID = 39CF7FA51A849EEF0027DB7F;
					};
				};
			};
			buildConfigurationList = 39CF7FA11A849EEF0027DB7F /* Build configuration list for PBXProject "ParticleView" */;
			compatibilityVersion = "Xcode 3.2";
			developmentRegion = English;
			hasScannedForEncodings = 0;
			knownRegions = (
				en,
				Base,
			);
			mainGroup = 39CF7F9D1A849EEF0027DB7F;
			productRefGroup = 39CF7FA71A849EEF0027DB7F /* Products */;
			projectDirPath = "";
			projectRoot = "";
			targets = (
				39CF7FA51A849EEF0027DB7F /* ParticleView */,
				39CF7FBE1A849EF00027DB7F /* ParticleViewTests */,
			);
		};
/* End PBXProject section */

/* Begin PBXResourcesBuildPhase section */
		39CF7FA41A849EEF0027DB7F /* Resources */ = {
			isa = PBXResourcesBuildPhase;
			buildActionMask = 2147483647;
			files = (
				39CF7FD51A84AAFA0027DB7F /* test.plist in Resources */,
				39CF7FB51A849EF00027DB7F /* Main.storyboard in Resources */,
				39CF7FBA1A849EF00027DB7F /* LaunchScreen.xib in Resources */,
				39CF7FDA1A84ACFD0027DB7F /* DazRing.png in Resources */,
				39CF7FB71A849EF00027DB7F /* Images.xcassets in Resources */,
				39CF7FD81A84ABDA0027DB7F /* DazStarOutline.png in Resources */,
				39CF7FD61A84AAFA0027DB7F /* DazFlakeIcon@2x.png in Resources */,
			);
			runOnlyForDeploymentPostprocessing = 0;
		};
		39CF7FBD1A849EF00027DB7F /* Resources */ = {
			isa = PBXResourcesBuildPhase;
			buildActionMask = 2147483647;
			files = (
			);
			runOnlyForDeploymentPostprocessing = 0;
		};
/* End PBXResourcesBuildPhase section */

/* Begin PBXSourcesBuildPhase section */
		39CF7FA21A849EEF0027DB7F /* Sources */ = {
			isa = PBXSourcesBuildPhase;
			buildActionMask = 2147483647;
			files = (
				39CF7FD11A849FAB0027DB7F /* UIParticleView.m in Sources */,
				39CF7FB21A849EF00027DB7F /* ViewController.m in Sources */,
				39CF7FAF1A849EF00027DB7F /* AppDelegate.m in Sources */,
				39CF7FAC1A849EEF0027DB7F /* main.m in Sources */,
			);
			runOnlyForDeploymentPostprocessing = 0;
		};
		39CF7FBB1A849EF00027DB7F /* Sources */ = {
			isa = PBXSourcesBuildPhase;
			buildActionMask = 2147483647;
			files = (
				39CF7FC61A849EF00027DB7F /* ParticleViewTests.m in Sources */,
			);
			runOnlyForDeploymentPostprocessing = 0;
		};
/* End PBXSourcesBuildPhase section */

/* Begin PBXTargetDependency section */
		39CF7FC11A849EF00027DB7F /* PBXTargetDependency */ = {
			isa = PBXTargetDependency;
			target = 39CF7FA51A849EEF0027DB7F /* ParticleView */;
			targetProxy = 39CF7FC01A849EF00027DB7F /* PBXContainerItemProxy */;
		};
/* End PBXTargetDependency section */

/* Begin PBXVariantGroup section */
		39CF7FB31A849EF00027DB7F /* Main.storyboard */ = {
			isa = PBXVariantGroup;
			children = (
				39CF7FB41A849EF00027DB7F /* Base */,
			);
			name = Main.storyboard;
			sourceTree = "<group>";
		};
		39CF7FB81A849EF00027DB7F /* LaunchScreen.xib */ = {
			isa = PBXVariantGroup;
			children = (
				39CF7FB91A849EF00027DB7F /* Base */,
			);
			name = LaunchScreen.xib;
			sourceTree = "<group>";
		};
/* End PBXVariantGroup section */

/* Begin XCBuildConfiguration section */
		39CF7FC71A849EF00027DB7F /* Debug */ = {
			isa = XCBuildConfiguration;
			buildSettings = {
				ALWAYS_SEARCH_USER_PATHS = NO;
				CLANG_CXX_LANGUAGE_STANDARD = "gnu++0x";
				CLANG_CXX_LIBRARY = "libc++";
				CLANG_ENABLE_MODULES = YES;
				CLANG_ENABLE_OBJC_ARC = YES;
				CLANG_WARN_BOOL_CONVERSION = YES;
				CLANG_WARN_CONSTANT_CONVERSION = YES;
				CLANG_WARN_DIRECT_OBJC_ISA_USAGE = YES_ERROR;
				CLANG_WARN_EMPTY_BODY = YES;
				CLANG_WARN_ENUM_CONVERSION = YES;
				CLANG_WARN_INT_CONVERSION = YES;
				CLANG_WARN_OBJC_ROOT_CLASS = YES_ERROR;
				CLANG_WARN_UNREACHABLE_CODE = YES;
				CLANG_WARN__DUPLICATE_METHOD_MATCH = YES;
				"CODE_SIGN_IDENTITY[sdk=iphoneos*]" = "iPhone Developer";
				COPY_PHASE_STRIP = NO;
				ENABLE_STRICT_OBJC_MSGSEND = YES;
				GCC_C_LANGUAGE_STANDARD = gnu99;
				GCC_DYNAMIC_NO_PIC = NO;
				GCC_OPTIMIZATION_LEVEL = 0;
				GCC_PREPROCESSOR_DEFINITIONS = (
					"DEBUG=1",
					"$(inherited)",
				);
				GCC_SYMBOLS_PRIVATE_EXTERN = NO;
				GCC_WARN_64_TO_32_BIT_CONVERSION = YES;
				GCC_WARN_ABOUT_RETURN_TYPE = YES_ERROR;
				GCC_WARN_UNDECLARED_SELECTOR = YES;
				GCC_WARN_UNINITIALIZED_AUTOS = YES_AGGRESSIVE;
				GCC_WARN_UNUSED_FUNCTION = YES;
				GCC_WARN_UNUSED_VARIABLE = YES;
				IPHONEOS_DEPLOYMENT_TARGET = 8.1;
				MTL_ENABLE_DEBUG_INFO = YES;
				ONLY_ACTIVE_ARCH = YES;
				SDKROOT = iphoneos;
				TARGETED_DEVICE_FAMILY = "1,2";
			};
			name = Debug;
		};
		39CF7FC81A849EF00027DB7F /* Release */ = {
			isa = XCBuildConfiguration;
			buildSettings = {
				ALWAYS_SEARCH_USER_PATHS = NO;
				CLANG_CXX_LANGUAGE_STANDARD = "gnu++0x";
				CLANG_CXX_LIBRARY = "libc++";
				CLANG_ENABLE_MODULES = YES;
				CLANG_ENABLE_OBJC_ARC = YES;
				CLANG_WARN_BOOL_CONVERSION = YES;
				CLANG_WARN_CONSTANT_CONVERSION = YES;
				CLANG_WARN_DIRECT_OBJC_ISA_USAGE = YES_ERROR;
				CLANG_WARN_EMPTY_BODY = YES;
				CLANG_WARN_ENUM_CONVERSION = YES;
				CLANG_WARN_INT_CONVERSION = YES;
				CLANG_WARN_OBJC_ROOT_CLASS = YES_ERROR;
				CLANG_WARN_UNREACHABLE_CODE = YES;
				CLANG_WARN__DUPLICATE_METHOD_MATCH = YES;
				"CODE_SIGN_IDENTITY[sdk=iphoneos*]" = "iPhone Developer";
				COPY_PHASE_STRIP = YES;
				ENABLE_NS_ASSERTIONS = NO;
				ENABLE_STRICT_OBJC_MSGSEND = YES;
				GCC_C_LANGUAGE_STANDARD = gnu99;
				GCC_WARN_64_TO_32_BIT_CONVERSION = YES;
				GCC_WARN_ABOUT_RETURN_TYPE = YES_ERROR;
				GCC_WARN_UNDECLARED_SELECTOR = YES;
				GCC_WARN_UNINITIALIZED_AUTOS = YES_AGGRESSIVE;
				GCC_WARN_UNUSED_FUNCTION = YES;
				GCC_WARN_UNUSED_VARIABLE = YES;
				IPHONEOS_DEPLOYMENT_TARGET = 8.1;
				MTL_ENABLE_DEBUG_INFO = NO;
				SDKROOT = iphoneos;
				TARGETED_DEVICE_FAMILY = "1,2";
				VALIDATE_PRODUCT = YES;
			};
			name = Release;
		};
		39CF7FCA1A849EF00027DB7F /* Debug */ = {
			isa = XCBuildConfiguration;
			buildSettings = {
				ASSETCATALOG_COMPILER_APPICON_NAME = AppIcon;
				INFOPLIST_FILE = ParticleView/Info.plist;
				LD_RUNPATH_SEARCH_PATHS = "$(inherited) @executable_path/Frameworks";
				PRODUCT_NAME = "$(TARGET_NAME)";
			};
			name = Debug;
		};
		39CF7FCB1A849EF00027DB7F /* Release */ = {
			isa = XCBuildConfiguration;
			buildSettings = {
				ASSETCATALOG_COMPILER_APPICON_NAME = AppIcon;
				INFOPLIST_FILE = ParticleView/Info.plist;
				LD_RUNPATH_SEARCH_PATHS = "$(inherited) @executable_path/Frameworks";
				PRODUCT_NAME = "$(TARGET_NAME)";
			};
			name = Release;
		};
		39CF7FCD1A849EF00027DB7F /* Debug */ = {
			isa = XCBuildConfiguration;
			buildSettings = {
				BUNDLE_LOADER = "$(TEST_HOST)";
				FRAMEWORK_SEARCH_PATHS = (
					"$(SDKROOT)/Developer/Library/Frameworks",
					"$(inherited)",
				);
				GCC_PREPROCESSOR_DEFINITIONS = (
					"DEBUG=1",
					"$(inherited)",
				);
				INFOPLIST_FILE = ParticleViewTests/Info.plist;
				LD_RUNPATH_SEARCH_PATHS = "$(inherited) @executable_path/Frameworks @loader_path/Frameworks";
				PRODUCT_NAME = "$(TARGET_NAME)";
				TEST_HOST = "$(BUILT_PRODUCTS_DIR)/ParticleView.app/ParticleView";
			};
			name = Debug;
		};
		39CF7FCE1A849EF00027DB7F /* Release */ = {
			isa = XCBuildConfiguration;
			buildSettings = {
				BUNDLE_LOADER = "$(TEST_HOST)";
				FRAMEWORK_SEARCH_PATHS = (
					"$(SDKROOT)/Developer/Library/Frameworks",
					"$(inherited)",
				);
				INFOPLIST_FILE = ParticleViewTests/Info.plist;
				LD_RUNPATH_SEARCH_PATHS = "$(inherited) @executable_path/Frameworks @loader_path/Frameworks";
				PRODUCT_NAME = "$(TARGET_NAME)";
				TEST_HOST = "$(BUILT_PRODUCTS_DIR)/ParticleView.app/ParticleView";
			};
			name = Release;
		};
/* End XCBuildConfiguration section */

/* Begin XCConfigurationList section */
		39CF7FA11A849EEF0027DB7F /* Build configuration list for PBXProject "ParticleView" */ = {
			isa = XCConfigurationList;
			buildConfigurations = (
				39CF7FC71A849EF00027DB7F /* Debug */,
				39CF7FC81A849EF00027DB7F /* Release */,
			);
			defaultConfigurationIsVisible = 0;
			defaultConfigurationName = Release;
		};
		39CF7FC91A849EF00027DB7F /* Build configuration list for PBXNativeTarget "ParticleView" */ = {
			isa = XCConfigurationList;
			buildConfigurations = (
				39CF7FCA1A849EF00027DB7F /* Debug */,
				39CF7FCB1A849EF00027DB7F /* Release */,
			);
			defaultConfigurationIsVisible = 0;
		};
		39CF7FCC1A849EF00027DB7F /* Build configuration list for PBXNativeTarget "ParticleViewTests" */ = {
			isa = XCConfigurationList;
			buildConfigurations = (
				39CF7FCD1A849EF00027DB7F /* Debug */,
				39CF7FCE1A849EF00027DB7F /* Release */,
			);
			defaultConfigurationIsVisible = 0;
		};
/* End XCConfigurationList section */
	};
	rootObject = 39CF7F9E1A849EEF0027DB7F /* Project object */;
}
